
Microsoft Visual Studio Solution File, Format Version 12.00
# Visual Studio Version 17
VisualStudioVersion = 17.13.35931.197 d17.13
MinimumVisualStudioVersion = 10.0.40219.1
Project("{FAE04EC0-301F-11D3-BF4B-00C04F79EFBC}") = "Exam_Questioner", "Exam_Questioner.csproj", "{38F0E15A-E9CB-4D96-AD8B-30D22F176E36}"
EndProject
Project("{FAE04EC0-301F-11D3-BF4B-00C04F79EFBC}") = "Exam_Questioner_Tests", "Exam_Questioner_Tests\Exam_Questioner_Tests.csproj", "{0E5DE9CE-7EDF-46CC-8967-F3DB6586DD47}"
EndProject
Global
	GlobalSection(SolutionConfigurationPlatforms) = preSolution
		Debug|Any CPU = Debug|Any CPU
		Release|Any CPU = Release|Any CPU
	EndGlobalSection
	GlobalSection(ProjectConfigurationPlatforms) = postSolution
		{38F0E15A-E9CB-4D96-AD8B-30D22F176E36}.Debug|Any CPU.ActiveCfg = Debug|Any CPU
		{38F0E15A-E9CB-4D96-AD8B-30D22F176E36}.Debug|Any CPU.Build.0 = Debug|Any CPU
		{38F0E15A-E9CB-4D96-AD8B-30D22F176E36}.Release|Any CPU.ActiveCfg = Release|Any CPU
		{38F0E15A-E9CB-4D96-AD8B-30D22F176E36}.Release|Any CPU.Build.0 = Release|Any CPU
		{0E5DE9CE-7EDF-46CC-8967-F3DB6586DD47}.Debug|Any CPU.ActiveCfg = Debug|Any CPU
		{0E5DE9CE-7EDF-46CC-8967-F3DB6586DD47}.Debug|Any CPU.Build.0 = Debug|Any CPU
		{0E5DE9CE-7EDF-46CC-8967-F3DB6586DD47}.Release|Any CPU.ActiveCfg = Release|Any CPU
		{0E5DE9CE-7EDF-46CC-8967-F3DB6586DD47}.Release|Any CPU.Build.0 = Release|Any CPU
	EndGlobalSection
	GlobalSection(SolutionProperties) = preSolution
		HideSolutionNode = FALSE
	EndGlobalSection
	GlobalSection(ExtensibilityGlobals) = postSolution
		SolutionGuid = {C8BE7D0D-B47C-4A21-B902-D82E7DDB5EE5}
	EndGlobalSection
EndGlobal
